
Microsoft Visual Studio Solution File, Format Version 12.00
# Visual Studio 2013
VisualStudioVersion = 12.0.40629.0
MinimumVisualStudioVersion = 10.0.40219.1
Project("{FAE04EC0-301F-11D3-BF4B-00C04F79EFBC}") = "Trading", "Trading\Trading.csproj", "{FDB49504-8E10-453E-B340-2C7AF1A8ECCB}"
EndProject
Project("{FAE04EC0-301F-11D3-BF4B-00C04F79EFBC}") = "Test", "Test\Test.csproj", "{D4C8E588-A857-4F0B-B606-EA20C48B43EA}"
EndProject
Project("{FAE04EC0-301F-11D3-BF4B-00C04F79EFBC}") = "StockCharts", "StockCharts\StockCharts.csproj", "{CA51DD61-F2B9-478E-BFDA-CCE9D6C6D6A4}"
EndProject
Project("{FAE04EC0-301F-11D3-BF4B-00C04F79EFBC}") = "MarketSim", "MarketSim\MarketSim.csproj", "{7656ADAD-DDA7-4C0B-B634-824E87A844FE}"
EndProject
Global
	GlobalSection(SolutionConfigurationPlatforms) = preSolution
		Debug|Any CPU = Debug|Any CPU
		Release|Any CPU = Release|Any CPU
	EndGlobalSection
	GlobalSection(ProjectConfigurationPlatforms) = postSolution
		{FDB49504-8E10-453E-B340-2C7AF1A8ECCB}.Debug|Any CPU.ActiveCfg = Debug|Any CPU
		{FDB49504-8E10-453E-B340-2C7AF1A8ECCB}.Debug|Any CPU.Build.0 = Debug|Any CPU
		{FDB49504-8E10-453E-B340-2C7AF1A8ECCB}.Release|Any CPU.ActiveCfg = Release|Any CPU
		{FDB49504-8E10-453E-B340-2C7AF1A8ECCB}.Release|Any CPU.Build.0 = Release|Any CPU
		{D4C8E588-A857-4F0B-B606-EA20C48B43EA}.Debug|Any CPU.ActiveCfg = Debug|Any CPU
		{D4C8E588-A857-4F0B-B606-EA20C48B43EA}.Debug|Any CPU.Build.0 = Debug|Any CPU
		{D4C8E588-A857-4F0B-B606-EA20C48B43EA}.Release|Any CPU.ActiveCfg = Release|Any CPU
		{D4C8E588-A857-4F0B-B606-EA20C48B43EA}.Release|Any CPU.Build.0 = Release|Any CPU
		{CA51DD61-F2B9-478E-BFDA-CCE9D6C6D6A4}.Debug|Any CPU.ActiveCfg = Debug|Any CPU
		{CA51DD61-F2B9-478E-BFDA-CCE9D6C6D6A4}.Debug|Any CPU.Build.0 = Debug|Any CPU
		{CA51DD61-F2B9-478E-BFDA-CCE9D6C6D6A4}.Release|Any CPU.ActiveCfg = Release|Any CPU
		{CA51DD61-F2B9-478E-BFDA-CCE9D6C6D6A4}.Release|Any CPU.Build.0 = Release|Any CPU
		{7656ADAD-DDA7-4C0B-B634-824E87A844FE}.Debug|Any CPU.ActiveCfg = Debug|Any CPU
		{7656ADAD-DDA7-4C0B-B634-824E87A844FE}.Debug|Any CPU.Build.0 = Debug|Any CPU
		{7656ADAD-DDA7-4C0B-B634-824E87A844FE}.Release|Any CPU.ActiveCfg = Release|Any CPU
		{7656ADAD-DDA7-4C0B-B634-824E87A844FE}.Release|Any CPU.Build.0 = Release|Any CPU
	EndGlobalSection
	GlobalSection(SolutionProperties) = preSolution
		HideSolutionNode = FALSE
	EndGlobalSection
EndGlobal
